<?xml version="1.0" encoding="utf-8"?>
<Project ToolsVersion="4.0" xmlns="http://schemas.microsoft.com/developer/msbuild/2003">
  <ItemGroup>
    <Filter Include="Source Files">
      <UniqueIdentifier>{4FC737F1-C7A5-4376-A066-2A32D752A2FF}</UniqueIdentifier>
      <Extensions>cpp;c;cc;cxx;def;odl;idl;hpj;bat;asm;asmx</Extensions>
    </Filter>
    <Filter Include="Header Files">
      <UniqueIdentifier>{93995380-89BD-4b04-88EB-625FBE52EBFB}</UniqueIdentifier>
      <Extensions>h;hh;hpp;hxx;hm;inl;inc;ipp;xsd</Extensions>
    </Filter>
    <Filter Include="Resource Files">
      <UniqueIdentifier>{67DA6AB6-F800-4c08-8B7A-83BB121AAD01}</UniqueIdentifier>
      <Extensions>rc;ico;cur;bmp;dlg;rc2;rct;bin;rgs;gif;jpg;jpeg;jpe;resx;tiff;tif;png;wav;mfcribbon-ms</Extensions>
    </Filter>
    <Filter Include="TXT multiple lines">
      <UniqueIdentifier>{485193c0-7a1f-44c3-9e7f-7a18fe4d22ca}</UniqueIdentifier>
    </Filter>
    <Filter Include="TXT single lines">
      <UniqueIdentifier>{83202a97-ab70-4ea0-91e1-fbc3283235a5}</UniqueIdentifier>
    </Filter>
  </ItemGroup>
  <ItemGroup>
    <ClCompile Include="FileManager.cpp">
      <Filter>Source Files</Filter>
    </ClCompile>
    <ClCompile Include="TxtFileManager.cpp">
      <Filter>Source Files</Filter>
    </ClCompile>
    <ClCompile Include="DocxFileManager.cpp">
      <Filter>Source Files</Filter>
    </ClCompile>
    <ClCompile Include="SearchBar.cpp">
      <Filter>Source Files</Filter>
    </ClCompile>
    <ClCompile Include="SearchEngine.cpp">
      <Filter>Source Files</Filter>
    </ClCompile>
    <ClCompile Include="Report.cpp">
      <Filter>Source Files</Filter>
    </ClCompile>
    <ClCompile Include="main.cpp">
      <Filter>Source Files</Filter>
    </ClCompile>
  </ItemGroup>
  <ItemGroup>
    <ClInclude Include="FileManager.h">
      <Filter>Header Files</Filter>
    </ClInclude>
    <ClInclude Include="TxtFileManager.h">
      <Filter>Header Files</Filter>
    </ClInclude>
    <ClInclude Include="DocxFileManager.h">
      <Filter>Header Files</Filter>
    </ClInclude>
    <ClInclude Include="SearchBar.h">
      <Filter>Header Files</Filter>
    </ClInclude>
    <ClInclude Include="SearchEngine.h">
      <Filter>Header Files</Filter>
    </ClInclude>
    <ClInclude Include="Report.h">
      <Filter>Header Files</Filter>
    </ClInclude>
  </ItemGroup>
  <ItemGroup>
    <Text Include="cfgFile.txt" />
    <Text Include="D:\ATM stuff\2nd year\Arhitecturi\arhitecturi\arhi\Codes\Index.txt" />
    <Text Include="D:\TXT multiple lines\1.txt">
      <Filter>TXT multiple lines</Filter>
    </Text>
    <Text Include="D:\TXT multiple lines\2.txt">
      <Filter>TXT multiple lines</Filter>
    </Text>
    <Text Include="D:\TXT single lines\1.1.txt">
      <Filter>TXT single lines</Filter>
    </Text>
    <Text Include="D:\TXT single lines\2.1.txt">
      <Filter>TXT single lines</Filter>
    </Text>
    <Text Include="D:\TXT single lines\3.1.txt">
      <Filter>TXT single lines</Filter>
    </Text>
  </ItemGroup>
  <ItemGroup>
    <None Include="packages.config" />
  </ItemGroup>
</Project>